
Microsoft Visual Studio Solution File, Format Version 12.00
# Visual Studio 2013
VisualStudioVersion = 12.0.40629.0
MinimumVisualStudioVersion = 10.0.40219.1
Project("{2150E333-8FDC-42A3-9474-1A3956D46DE8}") = "Solution Items", "Solution Items", "{B4275A3C-45C3-4E5D-833B-3EFA8BBBBC97}"
	ProjectSection(SolutionItems) = preProject
		..\README.md = ..\README.md
	EndProjectSection
EndProject
Project("{FAE04EC0-301F-11D3-BF4B-00C04F79EFBC}") = "VendingMachine.Tests", "VendingMachine.Tests\VendingMachine.Tests.csproj", "{7D019DB4-720E-4FAF-9F37-FA3CD5C1A669}"
EndProject
Global
	GlobalSection(SolutionConfigurationPlatforms) = preSolution
		Debug|Any CPU = Debug|Any CPU
		Release|Any CPU = Release|Any CPU
	EndGlobalSection
	GlobalSection(ProjectConfigurationPlatforms) = postSolution
		{7D019DB4-720E-4FAF-9F37-FA3CD5C1A669}.Debug|Any CPU.ActiveCfg = Debug|Any CPU
		{7D019DB4-720E-4FAF-9F37-FA3CD5C1A669}.Debug|Any CPU.Build.0 = Debug|Any CPU
		{7D019DB4-720E-4FAF-9F37-FA3CD5C1A669}.Release|Any CPU.ActiveCfg = Release|Any CPU
		{7D019DB4-720E-4FAF-9F37-FA3CD5C1A669}.Release|Any CPU.Build.0 = Release|Any CPU
	EndGlobalSection
	GlobalSection(SolutionProperties) = preSolution
		HideSolutionNode = FALSE
	EndGlobalSection
EndGlobal
